
Microsoft Visual Studio Solution File, Format Version 12.00
# Visual Studio Version 16
VisualStudioVersion = 16.0.31129.286
MinimumVisualStudioVersion = 10.0.40219.1
Project("{FAE04EC0-301F-11D3-BF4B-00C04F79EFBC}") = "Lan2_attechment", "Lan2_attechment\Lan2_attechment.csproj", "{F7B4AFA8-DB3D-4E6D-B4BD-0A1F7C22B565}"
EndProject
Global
	GlobalSection(SolutionConfigurationPlatforms) = preSolution
		Debug|Any CPU = Debug|Any CPU
		Release|Any CPU = Release|Any CPU
	EndGlobalSection
	GlobalSection(ProjectConfigurationPlatforms) = postSolution
		{F7B4AFA8-DB3D-4E6D-B4BD-0A1F7C22B565}.Debug|Any CPU.ActiveCfg = Debug|Any CPU
		{F7B4AFA8-DB3D-4E6D-B4BD-0A1F7C22B565}.Debug|Any CPU.Build.0 = Debug|Any CPU
		{F7B4AFA8-DB3D-4E6D-B4BD-0A1F7C22B565}.Release|Any CPU.ActiveCfg = Release|Any CPU
		{F7B4AFA8-DB3D-4E6D-B4BD-0A1F7C22B565}.Release|Any CPU.Build.0 = Release|Any CPU
	EndGlobalSection
	GlobalSection(SolutionProperties) = preSolution
		HideSolutionNode = FALSE
	EndGlobalSection
	GlobalSection(ExtensibilityGlobals) = postSolution
		SolutionGuid = {DDD9ED1E-DE0E-4C87-B376-660BBD4EC324}
	EndGlobalSection
EndGlobal
